
Microsoft Visual Studio Solution File, Format Version 12.00
# Visual Studio Version 16
VisualStudioVersion = 16.0.32002.261
MinimumVisualStudioVersion = 10.0.40219.1
Project("{FAE04EC0-301F-11D3-BF4B-00C04F79EFBC}") = "ChatP2P", "ChatP2P\ChatP2P.csproj", "{F50AE67E-BE24-4A17-9828-56234F47AC0F}"
EndProject
Global
	GlobalSection(SolutionConfigurationPlatforms) = preSolution
		Debug|Any CPU = Debug|Any CPU
		Release|Any CPU = Release|Any CPU
	EndGlobalSection
	GlobalSection(ProjectConfigurationPlatforms) = postSolution
		{F50AE67E-BE24-4A17-9828-56234F47AC0F}.Debug|Any CPU.ActiveCfg = Debug|Any CPU
		{F50AE67E-BE24-4A17-9828-56234F47AC0F}.Debug|Any CPU.Build.0 = Debug|Any CPU
		{F50AE67E-BE24-4A17-9828-56234F47AC0F}.Release|Any CPU.ActiveCfg = Release|Any CPU
		{F50AE67E-BE24-4A17-9828-56234F47AC0F}.Release|Any CPU.Build.0 = Release|Any CPU
	EndGlobalSection
	GlobalSection(SolutionProperties) = preSolution
		HideSolutionNode = FALSE
	EndGlobalSection
	GlobalSection(ExtensibilityGlobals) = postSolution
		SolutionGuid = {621F89CF-C13E-4D58-9142-620E9B6118B6}
	EndGlobalSection
EndGlobal
